<?xml version="1.0" encoding="utf-8"?>
<Project ToolsVersion="4.0" xmlns="http://schemas.microsoft.com/developer/msbuild/2003">
  <ItemGroup>
    <Filter Include="Source files">
      <UniqueIdentifier>{038c9f9f-1113-4ef0-bd9c-1c72457220b1}</UniqueIdentifier>
      <Extensions>cpp;c;cc;cxx;def;odl;idl;hpj;bat;asm;asmx</Extensions>
    </Filter>
    <Filter Include="Header files">
      <UniqueIdentifier>{9537be9a-9066-45e0-8231-b8d9eed7c689}</UniqueIdentifier>
      <Extensions>h;hpp;hxx;hm;inl;inc;xsd</Extensions>
    </Filter>
    <Filter Include="Resource files">
      <UniqueIdentifier>{8c6fe9f9-7316-40e7-8687-43ee4ec2ae49}</UniqueIdentifier>
      <Extensions>rc;ico;cur;bmp;dlg;rc2;rct;bin;rgs;gif;jpg;jpeg;jpe;resx;tiff;tif;png;wav</Extensions>
    </Filter>
    <Filter Include="Make files">
      <UniqueIdentifier>{cbcb8c9a-f9d4-416c-b572-d8d608afe304}</UniqueIdentifier>
      <Extensions>*.mak</Extensions>
    </Filter>
    <Filter Include="Source files\Drivers">
      <UniqueIdentifier>{501c4db6-1d22-4f48-88b8-8f55c69fedba}</UniqueIdentifier>
    </Filter>
    <Filter Include="Header files\Drivers">
      <UniqueIdentifier>{22fd875b-dc20-4f29-a733-49fe28e5f475}</UniqueIdentifier>
    </Filter>
    <Filter Include="Source files\Drivers\CMSIS">
      <UniqueIdentifier>{386e7357-3d47-4749-b0a6-7a12d3cbda15}</UniqueIdentifier>
    </Filter>
    <Filter Include="Header files\Drivers\CMSIS">
      <UniqueIdentifier>{28c2736c-85b7-4f62-b967-712427763375}</UniqueIdentifier>
    </Filter>
    <Filter Include="Source files\Drivers\CMSIS\Device">
      <UniqueIdentifier>{49fea68e-8016-492d-9fc5-333520f3571a}</UniqueIdentifier>
    </Filter>
    <Filter Include="Header files\Drivers\CMSIS\Device">
      <UniqueIdentifier>{58352594-fe5c-40f7-9358-97f090f12d3d}</UniqueIdentifier>
    </Filter>
    <Filter Include="Source files\Drivers\CMSIS\Device\ST">
      <UniqueIdentifier>{6b6b4338-2e2d-42e1-8cdb-3eaeefce3f95}</UniqueIdentifier>
    </Filter>
    <Filter Include="Header files\Drivers\CMSIS\Device\ST">
      <UniqueIdentifier>{1478da4d-8a8c-40cb-b2e0-e815b0f2393f}</UniqueIdentifier>
    </Filter>
    <Filter Include="Source files\Drivers\CMSIS\Device\ST\STM32F0xx">
      <UniqueIdentifier>{a887f5f2-6ff7-4f2c-8ad9-aedb46089d6f}</UniqueIdentifier>
    </Filter>
    <Filter Include="Header files\Drivers\CMSIS\Device\ST\STM32F0xx">
      <UniqueIdentifier>{adcb883b-dcbc-44d7-96ef-f34deb78ebaf}</UniqueIdentifier>
    </Filter>
    <Filter Include="Source files\Drivers\CMSIS\Device\ST\STM32F0xx\Include">
      <UniqueIdentifier>{f974e214-0730-48ef-9238-be6b5eb465b9}</UniqueIdentifier>
    </Filter>
    <Filter Include="Header files\Drivers\CMSIS\Device\ST\STM32F0xx\Include">
      <UniqueIdentifier>{418583b7-ba16-49e5-8efb-3172c1e3eb90}</UniqueIdentifier>
    </Filter>
    <Filter Include="Source files\Drivers\CMSIS\Device\ST\STM32F0xx\Source">
      <UniqueIdentifier>{0f57ade2-2897-4e1d-aa8d-0b1f41bfc131}</UniqueIdentifier>
    </Filter>
    <Filter Include="Header files\Drivers\CMSIS\Device\ST\STM32F0xx\Source">
      <UniqueIdentifier>{a4f8d35d-f974-47f0-888a-819a76aea721}</UniqueIdentifier>
    </Filter>
    <Filter Include="Source files\Drivers\CMSIS\Device\ST\STM32F0xx\Source\Templates">
      <UniqueIdentifier>{db0d88f7-f6ac-4e7a-a327-25b5fd6b6bed}</UniqueIdentifier>
    </Filter>
    <Filter Include="Header files\Drivers\CMSIS\Device\ST\STM32F0xx\Source\Templates">
      <UniqueIdentifier>{715f43e9-8f5d-4a33-9da0-918626b446a9}</UniqueIdentifier>
    </Filter>
    <Filter Include="Source files\Drivers\CMSIS\Include">
      <UniqueIdentifier>{d3a958b6-67fa-4989-818b-db2b6ed6e773}</UniqueIdentifier>
    </Filter>
    <Filter Include="Header files\Drivers\CMSIS\Include">
      <UniqueIdentifier>{bacc851a-155c-4854-92cc-430579023da1}</UniqueIdentifier>
    </Filter>
    <Filter Include="Source files\Drivers\STM32F0xx_HAL_Driver">
      <UniqueIdentifier>{a1b8aa65-2532-4ead-910c-def229df961a}</UniqueIdentifier>
    </Filter>
    <Filter Include="Header files\Drivers\STM32F0xx_HAL_Driver">
      <UniqueIdentifier>{42e895e1-cc77-4f71-bb09-d8a66d806916}</UniqueIdentifier>
    </Filter>
    <Filter Include="Source files\Drivers\STM32F0xx_HAL_Driver\Inc">
      <UniqueIdentifier>{15447c97-5b5c-41f2-8790-4462c5a93c98}</UniqueIdentifier>
    </Filter>
    <Filter Include="Header files\Drivers\STM32F0xx_HAL_Driver\Inc">
      <UniqueIdentifier>{4f305172-69c0-4cd3-b60c-43ea73a4de99}</UniqueIdentifier>
    </Filter>
    <Filter Include="Source files\Drivers\STM32F0xx_HAL_Driver\Src">
      <UniqueIdentifier>{7031f294-c2bc-447e-b4c0-a99c4647aa7b}</UniqueIdentifier>
    </Filter>
    <Filter Include="Header files\Drivers\STM32F0xx_HAL_Driver\Src">
      <UniqueIdentifier>{94ee07b9-0c99-4689-9e6d-de41d1348048}</UniqueIdentifier>
    </Filter>
    <Filter Include="Header files\Inc">
      <UniqueIdentifier>{4e537095-c208-4f86-ad83-6edd66f32fec}</UniqueIdentifier>
    </Filter>
    <Filter Include="Source files\Middlewares">
      <UniqueIdentifier>{6cb00487-447b-4654-b739-d1b2e65abb47}</UniqueIdentifier>
    </Filter>
    <Filter Include="Header files\Middlewares">
      <UniqueIdentifier>{9c9f23b0-ce97-4946-a679-6c55afa7bef3}</UniqueIdentifier>
    </Filter>
    <Filter Include="Source files\Middlewares\Third_Party">
      <UniqueIdentifier>{bc107b27-e660-422c-922d-96227f29b993}</UniqueIdentifier>
    </Filter>
    <Filter Include="Header files\Middlewares\Third_Party">
      <UniqueIdentifier>{136f4943-7b9e-47a5-abc0-18f1a98bffc7}</UniqueIdentifier>
    </Filter>
    <Filter Include="Source files\Middlewares\Third_Party\FreeRTOS">
      <UniqueIdentifier>{8af6a3b8-ec3e-4a23-8264-ff3bbf048424}</UniqueIdentifier>
    </Filter>
    <Filter Include="Header files\Middlewares\Third_Party\FreeRTOS">
      <UniqueIdentifier>{ff398aa7-2581-435d-abcc-e61b9c802967}</UniqueIdentifier>
    </Filter>
    <Filter Include="Source files\Middlewares\Third_Party\FreeRTOS\Source">
      <UniqueIdentifier>{c90d6fef-8473-4c91-b914-22de49b6d857}</UniqueIdentifier>
    </Filter>
    <Filter Include="Header files\Middlewares\Third_Party\FreeRTOS\Source">
      <UniqueIdentifier>{aeaba7e0-12f7-4cee-b547-59ff3b25b331}</UniqueIdentifier>
    </Filter>
    <Filter Include="Source files\Middlewares\Third_Party\FreeRTOS\Source\CMSIS_RTOS">
      <UniqueIdentifier>{55c8d0ad-c76f-490c-aab0-4c8dde9433b8}</UniqueIdentifier>
    </Filter>
    <Filter Include="Header files\Middlewares\Third_Party\FreeRTOS\Source\CMSIS_RTOS">
      <UniqueIdentifier>{6fffe444-8a68-491a-be64-30976d8d4876}</UniqueIdentifier>
    </Filter>
    <Filter Include="Source files\Middlewares\Third_Party\FreeRTOS\Source\include">
      <UniqueIdentifier>{5cde245a-0e40-47fd-ae58-91a430c27cf7}</UniqueIdentifier>
    </Filter>
    <Filter Include="Header files\Middlewares\Third_Party\FreeRTOS\Source\include">
      <UniqueIdentifier>{c8a269ed-51fd-4ffa-8c9d-38d833182130}</UniqueIdentifier>
    </Filter>
    <Filter Include="Source files\Middlewares\Third_Party\FreeRTOS\Source\portable">
      <UniqueIdentifier>{a9844d1e-8453-4589-91f7-249c7bc2ab88}</UniqueIdentifier>
    </Filter>
    <Filter Include="Header files\Middlewares\Third_Party\FreeRTOS\Source\portable">
      <UniqueIdentifier>{795a48e4-1826-4db2-916f-cdb724fd477a}</UniqueIdentifier>
    </Filter>
    <Filter Include="Source files\Middlewares\Third_Party\FreeRTOS\Source\portable\GCC">
      <UniqueIdentifier>{6919ad63-f921-46f4-a282-e754fe31f2c3}</UniqueIdentifier>
    </Filter>
    <Filter Include="Header files\Middlewares\Third_Party\FreeRTOS\Source\portable\GCC">
      <UniqueIdentifier>{efc2870d-b066-455c-ae39-4ff22d6fcda1}</UniqueIdentifier>
    </Filter>
    <Filter Include="Source files\Middlewares\Third_Party\FreeRTOS\Source\portable\GCC\ARM_CM0">
      <UniqueIdentifier>{dcd89951-9c7a-4d4a-b2a7-6c73dd68abee}</UniqueIdentifier>
    </Filter>
    <Filter Include="Header files\Middlewares\Third_Party\FreeRTOS\Source\portable\GCC\ARM_CM0">
      <UniqueIdentifier>{03f6e679-f849-4ee1-b5b5-51639ecb2b0b}</UniqueIdentifier>
    </Filter>
    <Filter Include="Source files\Middlewares\Third_Party\FreeRTOS\Source\portable\MemMang">
      <UniqueIdentifier>{3323fbbd-dda7-4a81-b52f-8396a5edbc73}</UniqueIdentifier>
    </Filter>
    <Filter Include="Header files\Middlewares\Third_Party\FreeRTOS\Source\portable\MemMang">
      <UniqueIdentifier>{e28e35de-f08f-47f6-bcf8-7a544bdacd03}</UniqueIdentifier>
    </Filter>
    <Filter Include="Source files\Src">
      <UniqueIdentifier>{373922aa-c908-4952-bae1-c7213c105445}</UniqueIdentifier>
    </Filter>
  </ItemGroup>
  <ItemGroup>
    <None Include="Makefile" />
    <None Include="debug.mak">
      <Filter>Make files</Filter>
    </None>
    <None Include="release.mak">
      <Filter>Make files</Filter>
    </None>
    <None Include="stm32.mak" />
  </ItemGroup>
  <ItemGroup>
    <ClInclude Include="Lib\Drivers\CMSIS\Device\ST\STM32F0xx\Include\stm32f030x6.h">
      <Filter>Header files\Drivers\CMSIS\Device\ST\STM32F0xx\Include</Filter>
    </ClInclude>
    <ClInclude Include="Lib\Drivers\CMSIS\Device\ST\STM32F0xx\Include\stm32f030x8.h">
      <Filter>Header files\Drivers\CMSIS\Device\ST\STM32F0xx\Include</Filter>
    </ClInclude>
    <ClInclude Include="Lib\Drivers\CMSIS\Device\ST\STM32F0xx\Include\stm32f030xc.h">
      <Filter>Header files\Drivers\CMSIS\Device\ST\STM32F0xx\Include</Filter>
    </ClInclude>
    <ClInclude Include="Lib\Drivers\CMSIS\Device\ST\STM32F0xx\Include\stm32f031x6.h">
      <Filter>Header files\Drivers\CMSIS\Device\ST\STM32F0xx\Include</Filter>
    </ClInclude>
    <ClInclude Include="Lib\Drivers\CMSIS\Device\ST\STM32F0xx\Include\stm32f038xx.h">
      <Filter>Header files\Drivers\CMSIS\Device\ST\STM32F0xx\Include</Filter>
    </ClInclude>
    <ClInclude Include="Lib\Drivers\CMSIS\Device\ST\STM32F0xx\Include\stm32f042x6.h">
      <Filter>Header files\Drivers\CMSIS\Device\ST\STM32F0xx\Include</Filter>
    </ClInclude>
    <ClInclude Include="Lib\Drivers\CMSIS\Device\ST\STM32F0xx\Include\stm32f048xx.h">
      <Filter>Header files\Drivers\CMSIS\Device\ST\STM32F0xx\Include</Filter>
    </ClInclude>
    <ClInclude Include="Lib\Drivers\CMSIS\Device\ST\STM32F0xx\Include\stm32f051x8.h">
      <Filter>Header files\Drivers\CMSIS\Device\ST\STM32F0xx\Include</Filter>
    </ClInclude>
    <ClInclude Include="Lib\Drivers\CMSIS\Device\ST\STM32F0xx\Include\stm32f058xx.h">
      <Filter>Header files\Drivers\CMSIS\Device\ST\STM32F0xx\Include</Filter>
    </ClInclude>
    <ClInclude Include="Lib\Drivers\CMSIS\Device\ST\STM32F0xx\Include\stm32f070x6.h">
      <Filter>Header files\Drivers\CMSIS\Device\ST\STM32F0xx\Include</Filter>
    </ClInclude>
    <ClInclude Include="Lib\Drivers\CMSIS\Device\ST\STM32F0xx\Include\stm32f070xb.h">
      <Filter>Header files\Drivers\CMSIS\Device\ST\STM32F0xx\Include</Filter>
    </ClInclude>
    <ClInclude Include="Lib\Drivers\CMSIS\Device\ST\STM32F0xx\Include\stm32f071xb.h">
      <Filter>Header files\Drivers\CMSIS\Device\ST\STM32F0xx\Include</Filter>
    </ClInclude>
    <ClInclude Include="Lib\Drivers\CMSIS\Device\ST\STM32F0xx\Include\stm32f072xb.h">
      <Filter>Header files\Drivers\CMSIS\Device\ST\STM32F0xx\Include</Filter>
    </ClInclude>
    <ClInclude Include="Lib\Drivers\CMSIS\Device\ST\STM32F0xx\Include\stm32f078xx.h">
      <Filter>Header files\Drivers\CMSIS\Device\ST\STM32F0xx\Include</Filter>
    </ClInclude>
    <ClInclude Include="Lib\Drivers\CMSIS\Device\ST\STM32F0xx\Include\stm32f091xc.h">
      <Filter>Header files\Drivers\CMSIS\Device\ST\STM32F0xx\Include</Filter>
    </ClInclude>
    <ClInclude Include="Lib\Drivers\CMSIS\Device\ST\STM32F0xx\Include\stm32f098xx.h">
      <Filter>Header files\Drivers\CMSIS\Device\ST\STM32F0xx\Include</Filter>
    </ClInclude>
    <ClInclude Include="Lib\Drivers\CMSIS\Device\ST\STM32F0xx\Include\stm32f0xx.h">
      <Filter>Header files\Drivers\CMSIS\Device\ST\STM32F0xx\Include</Filter>
    </ClInclude>
    <ClInclude Include="Lib\Drivers\CMSIS\Device\ST\STM32F0xx\Include\system_stm32f0xx.h">
      <Filter>Header files\Drivers\CMSIS\Device\ST\STM32F0xx\Include</Filter>
    </ClInclude>
    <ClInclude Include="Lib\Drivers\CMSIS\Include\arm_common_tables.h">
      <Filter>Header files\Drivers\CMSIS\Include</Filter>
    </ClInclude>
    <ClInclude Include="Lib\Drivers\CMSIS\Include\arm_const_structs.h">
      <Filter>Header files\Drivers\CMSIS\Include</Filter>
    </ClInclude>
    <ClInclude Include="Lib\Drivers\CMSIS\Include\arm_math.h">
      <Filter>Header files\Drivers\CMSIS\Include</Filter>
    </ClInclude>
    <ClInclude Include="Lib\Drivers\CMSIS\Include\core_cm0.h">
      <Filter>Header files\Drivers\CMSIS\Include</Filter>
    </ClInclude>
    <ClInclude Include="Lib\Drivers\CMSIS\Include\core_cm0plus.h">
      <Filter>Header files\Drivers\CMSIS\Include</Filter>
    </ClInclude>
    <ClInclude Include="Lib\Drivers\CMSIS\Include\core_cm3.h">
      <Filter>Header files\Drivers\CMSIS\Include</Filter>
    </ClInclude>
    <ClInclude Include="Lib\Drivers\CMSIS\Include\core_cm4.h">
      <Filter>Header files\Drivers\CMSIS\Include</Filter>
    </ClInclude>
    <ClInclude Include="Lib\Drivers\CMSIS\Include\core_cm7.h">
      <Filter>Header files\Drivers\CMSIS\Include</Filter>
    </ClInclude>
    <ClInclude Include="Lib\Drivers\CMSIS\Include\core_cmFunc.h">
      <Filter>Header files\Drivers\CMSIS\Include</Filter>
    </ClInclude>
    <ClInclude Include="Lib\Drivers\CMSIS\Include\core_cmInstr.h">
      <Filter>Header files\Drivers\CMSIS\Include</Filter>
    </ClInclude>
    <ClInclude Include="Lib\Drivers\CMSIS\Include\core_cmSimd.h">
      <Filter>Header files\Drivers\CMSIS\Include</Filter>
    </ClInclude>
    <ClInclude Include="Lib\Drivers\CMSIS\Include\core_sc000.h">
      <Filter>Header files\Drivers\CMSIS\Include</Filter>
    </ClInclude>
    <ClInclude Include="Lib\Drivers\CMSIS\Include\core_sc300.h">
      <Filter>Header files\Drivers\CMSIS\Include</Filter>
    </ClInclude>
    <ClInclude Include="Lib\Drivers\STM32F0xx_HAL_Driver\Inc\stm32f0xx_hal.h">
      <Filter>Header files\Drivers\STM32F0xx_HAL_Driver\Inc</Filter>
    </ClInclude>
    <ClInclude Include="Lib\Drivers\STM32F0xx_HAL_Driver\Inc\stm32f0xx_hal_cortex.h">
      <Filter>Header files\Drivers\STM32F0xx_HAL_Driver\Inc</Filter>
    </ClInclude>
    <ClInclude Include="Lib\Drivers\STM32F0xx_HAL_Driver\Inc\stm32f0xx_hal_def.h">
      <Filter>Header files\Drivers\STM32F0xx_HAL_Driver\Inc</Filter>
    </ClInclude>
    <ClInclude Include="Lib\Drivers\STM32F0xx_HAL_Driver\Inc\stm32f0xx_hal_dma.h">
      <Filter>Header files\Drivers\STM32F0xx_HAL_Driver\Inc</Filter>
    </ClInclude>
    <ClInclude Include="Lib\Drivers\STM32F0xx_HAL_Driver\Inc\stm32f0xx_hal_dma_ex.h">
      <Filter>Header files\Drivers\STM32F0xx_HAL_Driver\Inc</Filter>
    </ClInclude>
    <ClInclude Include="Lib\Drivers\STM32F0xx_HAL_Driver\Inc\stm32f0xx_hal_flash.h">
      <Filter>Header files\Drivers\STM32F0xx_HAL_Driver\Inc</Filter>
    </ClInclude>
    <ClInclude Include="Lib\Drivers\STM32F0xx_HAL_Driver\Inc\stm32f0xx_hal_flash_ex.h">
      <Filter>Header files\Drivers\STM32F0xx_HAL_Driver\Inc</Filter>
    </ClInclude>
    <ClInclude Include="Lib\Drivers\STM32F0xx_HAL_Driver\Inc\stm32f0xx_hal_gpio.h">
      <Filter>Header files\Drivers\STM32F0xx_HAL_Driver\Inc</Filter>
    </ClInclude>
    <ClInclude Include="Lib\Drivers\STM32F0xx_HAL_Driver\Inc\stm32f0xx_hal_gpio_ex.h">
      <Filter>Header files\Drivers\STM32F0xx_HAL_Driver\Inc</Filter>
    </ClInclude>
    <ClInclude Include="Lib\Drivers\STM32F0xx_HAL_Driver\Inc\stm32f0xx_hal_pwr.h">
      <Filter>Header files\Drivers\STM32F0xx_HAL_Driver\Inc</Filter>
    </ClInclude>
    <ClInclude Include="Lib\Drivers\STM32F0xx_HAL_Driver\Inc\stm32f0xx_hal_pwr_ex.h">
      <Filter>Header files\Drivers\STM32F0xx_HAL_Driver\Inc</Filter>
    </ClInclude>
    <ClInclude Include="Lib\Drivers\STM32F0xx_HAL_Driver\Inc\stm32f0xx_hal_rcc.h">
      <Filter>Header files\Drivers\STM32F0xx_HAL_Driver\Inc</Filter>
    </ClInclude>
    <ClInclude Include="Lib\Drivers\STM32F0xx_HAL_Driver\Inc\stm32f0xx_hal_rcc_ex.h">
      <Filter>Header files\Drivers\STM32F0xx_HAL_Driver\Inc</Filter>
    </ClInclude>
    <ClInclude Include="Lib\Drivers\STM32F0xx_HAL_Driver\Inc\stm32f0xx_hal_uart.h">
      <Filter>Header files\Drivers\STM32F0xx_HAL_Driver\Inc</Filter>
    </ClInclude>
    <ClInclude Include="Lib\Drivers\STM32F0xx_HAL_Driver\Inc\stm32f0xx_hal_uart_ex.h">
      <Filter>Header files\Drivers\STM32F0xx_HAL_Driver\Inc</Filter>
    </ClInclude>
    <ClInclude Include="Inc\FreeRTOSConfig.h">
      <Filter>Header files\Inc</Filter>
    </ClInclude>
    <ClInclude Include="Inc\stm32f0xx_hal_conf.h">
      <Filter>Header files\Inc</Filter>
    </ClInclude>
    <ClInclude Include="Inc\stm32f0xx_it.h">
      <Filter>Header files\Inc</Filter>
    </ClInclude>
    <ClInclude Include="Lib\Middlewares\Third_Party\FreeRTOS\Source\CMSIS_RTOS\cmsis_os.h">
      <Filter>Header files\Middlewares\Third_Party\FreeRTOS\Source\CMSIS_RTOS</Filter>
    </ClInclude>
    <ClInclude Include="Lib\Middlewares\Third_Party\FreeRTOS\Source\include\croutine.h">
      <Filter>Header files\Middlewares\Third_Party\FreeRTOS\Source\include</Filter>
    </ClInclude>
    <ClInclude Include="Lib\Middlewares\Third_Party\FreeRTOS\Source\include\event_groups.h">
      <Filter>Header files\Middlewares\Third_Party\FreeRTOS\Source\include</Filter>
    </ClInclude>
    <ClInclude Include="Lib\Middlewares\Third_Party\FreeRTOS\Source\include\FreeRTOS.h">
      <Filter>Header files\Middlewares\Third_Party\FreeRTOS\Source\include</Filter>
    </ClInclude>
    <ClInclude Include="Lib\Middlewares\Third_Party\FreeRTOS\Source\include\FreeRTOSConfig_template.h">
      <Filter>Header files\Middlewares\Third_Party\FreeRTOS\Source\include</Filter>
    </ClInclude>
    <ClInclude Include="Lib\Middlewares\Third_Party\FreeRTOS\Source\include\list.h">
      <Filter>Header files\Middlewares\Third_Party\FreeRTOS\Source\include</Filter>
    </ClInclude>
    <ClInclude Include="Lib\Middlewares\Third_Party\FreeRTOS\Source\include\mpu_wrappers.h">
      <Filter>Header files\Middlewares\Third_Party\FreeRTOS\Source\include</Filter>
    </ClInclude>
    <ClInclude Include="Lib\Middlewares\Third_Party\FreeRTOS\Source\include\portable.h">
      <Filter>Header files\Middlewares\Third_Party\FreeRTOS\Source\include</Filter>
    </ClInclude>
    <ClInclude Include="Lib\Middlewares\Third_Party\FreeRTOS\Source\include\projdefs.h">
      <Filter>Header files\Middlewares\Third_Party\FreeRTOS\Source\include</Filter>
    </ClInclude>
    <ClInclude Include="Lib\Middlewares\Third_Party\FreeRTOS\Source\include\queue.h">
      <Filter>Header files\Middlewares\Third_Party\FreeRTOS\Source\include</Filter>
    </ClInclude>
    <ClInclude Include="Lib\Middlewares\Third_Party\FreeRTOS\Source\include\semphr.h">
      <Filter>Header files\Middlewares\Third_Party\FreeRTOS\Source\include</Filter>
    </ClInclude>
    <ClInclude Include="Lib\Middlewares\Third_Party\FreeRTOS\Source\include\StackMacros.h">
      <Filter>Header files\Middlewares\Third_Party\FreeRTOS\Source\include</Filter>
    </ClInclude>
    <ClInclude Include="Lib\Middlewares\Third_Party\FreeRTOS\Source\include\task.h">
      <Filter>Header files\Middlewares\Third_Party\FreeRTOS\Source\include</Filter>
    </ClInclude>
    <ClInclude Include="Lib\Middlewares\Third_Party\FreeRTOS\Source\include\timers.h">
      <Filter>Header files\Middlewares\Third_Party\FreeRTOS\Source\include</Filter>
    </ClInclude>
    <ClInclude Include="Lib\Middlewares\Third_Party\FreeRTOS\Source\portable\GCC\ARM_CM0\portmacro.h">
      <Filter>Header files\Middlewares\Third_Party\FreeRTOS\Source\portable\GCC\ARM_CM0</Filter>
    </ClInclude>
    <ClInclude Include="Inc\hal_lib.h">
      <Filter>Header files\Inc</Filter>
    </ClInclude>
    <ClInclude Include="Inc\userTasks_task.h">
      <Filter>Header files\Inc</Filter>
    </ClInclude>
  </ItemGroup>
  <ItemGroup>
    <ClCompile Include="Lib\Drivers\CMSIS\Device\ST\STM32F0xx\Source\Templates\system_stm32f0xx.c">
      <Filter>Source files\Drivers\CMSIS\Device\ST\STM32F0xx\Source\Templates</Filter>
    </ClCompile>
    <ClCompile Include="Lib\Drivers\STM32F0xx_HAL_Driver\Src\stm32f0xx_hal.c">
      <Filter>Source files\Drivers\STM32F0xx_HAL_Driver\Src</Filter>
    </ClCompile>
    <ClCompile Include="Lib\Drivers\STM32F0xx_HAL_Driver\Src\stm32f0xx_hal_cortex.c">
      <Filter>Source files\Drivers\STM32F0xx_HAL_Driver\Src</Filter>
    </ClCompile>
    <ClCompile Include="Lib\Drivers\STM32F0xx_HAL_Driver\Src\stm32f0xx_hal_dma.c">
      <Filter>Source files\Drivers\STM32F0xx_HAL_Driver\Src</Filter>
    </ClCompile>
    <ClCompile Include="Lib\Drivers\STM32F0xx_HAL_Driver\Src\stm32f0xx_hal_flash.c">
      <Filter>Source files\Drivers\STM32F0xx_HAL_Driver\Src</Filter>
    </ClCompile>
    <ClCompile Include="Lib\Drivers\STM32F0xx_HAL_Driver\Src\stm32f0xx_hal_flash_ex.c">
      <Filter>Source files\Drivers\STM32F0xx_HAL_Driver\Src</Filter>
    </ClCompile>
    <ClCompile Include="Lib\Drivers\STM32F0xx_HAL_Driver\Src\stm32f0xx_hal_gpio.c">
      <Filter>Source files\Drivers\STM32F0xx_HAL_Driver\Src</Filter>
    </ClCompile>
    <ClCompile Include="Lib\Drivers\STM32F0xx_HAL_Driver\Src\stm32f0xx_hal_pwr.c">
      <Filter>Source files\Drivers\STM32F0xx_HAL_Driver\Src</Filter>
    </ClCompile>
    <ClCompile Include="Lib\Drivers\STM32F0xx_HAL_Driver\Src\stm32f0xx_hal_pwr_ex.c">
      <Filter>Source files\Drivers\STM32F0xx_HAL_Driver\Src</Filter>
    </ClCompile>
    <ClCompile Include="Lib\Drivers\STM32F0xx_HAL_Driver\Src\stm32f0xx_hal_rcc.c">
      <Filter>Source files\Drivers\STM32F0xx_HAL_Driver\Src</Filter>
    </ClCompile>
    <ClCompile Include="Lib\Drivers\STM32F0xx_HAL_Driver\Src\stm32f0xx_hal_rcc_ex.c">
      <Filter>Source files\Drivers\STM32F0xx_HAL_Driver\Src</Filter>
    </ClCompile>
    <ClCompile Include="Lib\Drivers\STM32F0xx_HAL_Driver\Src\stm32f0xx_hal_uart.c">
      <Filter>Source files\Drivers\STM32F0xx_HAL_Driver\Src</Filter>
    </ClCompile>
    <ClCompile Include="Lib\Drivers\STM32F0xx_HAL_Driver\Src\stm32f0xx_hal_uart_ex.c">
      <Filter>Source files\Drivers\STM32F0xx_HAL_Driver\Src</Filter>
    </ClCompile>
    <ClCompile Include="Lib\Middlewares\Third_Party\FreeRTOS\Source\croutine.c">
      <Filter>Source files\Middlewares\Third_Party\FreeRTOS\Source</Filter>
    </ClCompile>
    <ClCompile Include="Lib\Middlewares\Third_Party\FreeRTOS\Source\event_groups.c">
      <Filter>Source files\Middlewares\Third_Party\FreeRTOS\Source</Filter>
    </ClCompile>
    <ClCompile Include="Lib\Middlewares\Third_Party\FreeRTOS\Source\list.c">
      <Filter>Source files\Middlewares\Third_Party\FreeRTOS\Source</Filter>
    </ClCompile>
    <ClCompile Include="Lib\Middlewares\Third_Party\FreeRTOS\Source\queue.c">
      <Filter>Source files\Middlewares\Third_Party\FreeRTOS\Source</Filter>
    </ClCompile>
    <ClCompile Include="Lib\Middlewares\Third_Party\FreeRTOS\Source\tasks.c">
      <Filter>Source files\Middlewares\Third_Party\FreeRTOS\Source</Filter>
    </ClCompile>
    <ClCompile Include="Lib\Middlewares\Third_Party\FreeRTOS\Source\timers.c">
      <Filter>Source files\Middlewares\Third_Party\FreeRTOS\Source</Filter>
    </ClCompile>
    <ClCompile Include="Lib\Middlewares\Third_Party\FreeRTOS\Source\CMSIS_RTOS\cmsis_os.c">
      <Filter>Source files\Middlewares\Third_Party\FreeRTOS\Source\CMSIS_RTOS</Filter>
    </ClCompile>
    <ClCompile Include="Lib\Middlewares\Third_Party\FreeRTOS\Source\portable\GCC\ARM_CM0\port.c">
      <Filter>Source files\Middlewares\Third_Party\FreeRTOS\Source\portable\GCC\ARM_CM0</Filter>
    </ClCompile>
    <ClCompile Include="Lib\Middlewares\Third_Party\FreeRTOS\Source\portable\MemMang\heap_4.c">
      <Filter>Source files\Middlewares\Third_Party\FreeRTOS\Source\portable\MemMang</Filter>
    </ClCompile>
    <ClCompile Include="Src\freertos.c">
      <Filter>Source files\Src</Filter>
    </ClCompile>
    <ClCompile Include="Src\stm32f0xx_hal_msp.c">
      <Filter>Source files\Src</Filter>
    </ClCompile>
    <ClCompile Include="Src\stm32f0xx_it.c">
      <Filter>Source files\Src</Filter>
    </ClCompile>
    <ClCompile Include="Lib\Drivers\CMSIS\Device\ST\STM32F0xx\Source\Templates\startup_stm32f0xx.c">
      <Filter>Source files</Filter>
    </ClCompile>
    <ClCompile Include="Src\hal_lib.c">
      <Filter>Source files\Src</Filter>
    </ClCompile>
    <ClCompile Include="Src\main.c">
      <Filter>Source files\Src</Filter>
    </ClCompile>
    <ClCompile Include="Src\USARTInTask_task.c">
      <Filter>Source files\Src</Filter>
    </ClCompile>
    <ClCompile Include="Src\USARTOutTask_task.c">
      <Filter>Source files\Src</Filter>
    </ClCompile>
    <ClCompile Include="Src\userTasks_task.c">
      <Filter>Source files\Src</Filter>
    </ClCompile>
    <ClCompile Include="Src\bossTask_task.c">
      <Filter>Source files\Src</Filter>
    </ClCompile>
  </ItemGroup>
</Project>